<Solution>
  <Folder Name="/Documents/">
    <File Path="docs/LINUX_IMPLEMENTATION_SUMMARY.md" />
    <File Path="docs/LINUX_SUPPORT.md" />
    <File Path="Documents/STREAM_HEALTH_PROTOCOL.md" />
    <File Path="README.md" />
  </Folder>
  <Folder Name="/Github Actions/">
    <File Path=".github/CI-CD-SETUP.md" />
    <File Path=".github/workflows/cd.yml" />
    <File Path=".github/workflows/ci.yml" />
    <File Path=".github/workflows/release.yml" />
  </Folder>
  <Project Path="tests/VardyParty.Core.Tests/VardyParty.Core.Tests.csproj" />
  <Project Path="Tools/StreamHealthCheckerTool/StreamHealthCheckerTool.csproj" />
  <Project Path="VardyParty.Core/VardyParty.Core.csproj" Id="3a0434c7-9ae5-4b08-b649-32352b4a56bc" />
  <Project Path="VardyParty/VardyParty.csproj">
    <Deploy Solution="Debug|*" />
  </Project>
  <Project Path="VardyParty.Linux/VardyParty.Linux.csproj">
    <Deploy Solution="Debug|*" />
  </Project>
</Solution>
