<Solution>
  <Folder Name="/Documents/">
    <File Path=".github/AI_AGENT_INSTRUCTIONS.md" />
    <File Path=".github/CI-CD-SETUP.md" />
    <File Path=".github/copilot-instructions.md" />
    <File Path="docs/INDEX.md" />
    <File Path="docs/ARCHITECTURE.md" />
    <File Path="docs/architecture/README.md" />
    <File Path="docs/architecture/homepage-maui-avalonia.md" />
    <File Path="docs/STREAM_PLAYBACK_RULES.md" />
    <File Path="docs/STREAM_HEALTH_PROTOCOL.md" />
    <File Path="docs/LINUX_SUPPORT.md" />
    <File Path="docs/LOCAL_ANDROID_BUILD.md" />
    <File Path="docs/WINDOWS_INSTALL.md" />
    <File Path="docs/VERSION_MANAGEMENT.md" />
    <File Path="docs/agent-playbook-merge-client-pr-v2.md" />
    <File Path="docs/reviews/PR-74-flagship-review.md" />
    <File Path="README.md" />
  </Folder>
  <Folder Name="/Github Actions/">
    <File Path=".github/CI-CD-SETUP.md" />
    <File Path=".github/workflows/auto-increment-build-version.yml" />
    <File Path=".github/workflows/build.yml" />
    <File Path=".github/workflows/bump-display-version.yml" />
    <File Path=".github/workflows/cd.yml" />
    <File Path=".github/workflows/ci.yml" />
    <File Path=".github/workflows/release.yml" />
    <File Path="Version.props" />
  </Folder>
  <Folder Name="/Local-Build/">
    <File Path="package-android.ps1" />
    <File Path="package-windows.ps1" />
    <File Path="scripts/launch-linux-app.ps1" />
  </Folder>
  <Project Path="tests/VardyParty.TestSupport/VardyParty.TestSupport.csproj" />
  <Project Path="tests/VardyParty.Kernel.Tests/VardyParty.Kernel.Tests.csproj" />
  <Project Path="tests/VardyParty.Auth.Tests/VardyParty.Auth.Tests.csproj" />
  <Project Path="tests/VardyParty.Catalog.Tests/VardyParty.Catalog.Tests.csproj" />
  <Project Path="tests/VardyParty.Streaming.Tests/VardyParty.Streaming.Tests.csproj" />
  <Project Path="tests/VardyParty.Playback.Tests/VardyParty.Playback.Tests.csproj" />
  <Project Path="tests/VardyParty.Presentation.Tests/VardyParty.Presentation.Tests.csproj" />
  <Project Path="tests/VardyParty.HomeUi.Tests/VardyParty.HomeUi.Tests.csproj" />
  <Project Path="tests/VardyParty.Desktop.Tests/VardyParty.Desktop.Tests.csproj" />
  <Project Path="tests/VardyParty.Hosting.Tests/VardyParty.Hosting.Tests.csproj" />
  <Project Path="Tools/StreamHealthCheckerTool/StreamHealthCheckerTool.csproj" />
  <Project Path="VardyParty.Auth/VardyParty.Auth.csproj" />
  <Project Path="VardyParty.Catalog/VardyParty.Catalog.csproj" />
  <Project Path="VardyParty.Kernel/VardyParty.Kernel.csproj" />
  <Project Path="VardyParty.Ports/VardyParty.Ports.csproj" />
  <Project Path="VardyParty.Playback/VardyParty.Playback.csproj" />
  <Project Path="VardyParty.Presentation/VardyParty.Presentation.csproj" />
  <Project Path="VardyParty.Streaming/VardyParty.Streaming.csproj" />
  <Project Path="VardyParty.Hosting/VardyParty.Hosting.csproj" />
  <!--
    Preview stack (net11.0 + MAUI-Avalonia): needs the .NET 11 preview SDK.
    CI code-quality excludes these; the build-desktop job builds them.
  -->
  <Project Path="VardyParty.HomeUi/VardyParty.HomeUi.csproj" />
  <Project Path="VardyParty.Desktop/VardyParty.Desktop.csproj" />
  <Project Path="VardyParty/VardyParty.csproj">
    <Deploy />
  </Project>
</Solution>
